// !$*UTF8*$!
{
	archiveVersion = 1;
	classes = {
	};
	objectVersion = 46;
	objects = {

/* Begin PBXBuildFile section */
		6F9AE70E18E0B06700637A99 /* Foundation.framework in Frameworks */ = {isa = PBXBuildFile; fileRef = 6F9AE70D18E0B06700637A99 /* Foundation.framework */; };
		6F9AE71018E0B06700637A99 /* CoreGraphics.framework in Frameworks */ = {isa = PBXBuildFile; fileRef = 6F9AE70F18E0B06700637A99 /* CoreGraphics.framework */; };
		6F9AE71218E0B06700637A99 /* UIKit.framework in Frameworks */ = {isa = PBXBuildFile; fileRef = 6F9AE71118E0B06700637A99 /* UIKit.framework */; };
		6F9AE71818E0B06700637A99 /* InfoPlist.strings in Resources */ = {isa = PBXBuildFile; fileRef = 6F9AE71618E0B06700637A99 /* InfoPlist.strings */; };
		6F9AE71A18E0B06700637A99 /* main.m in Sources */ = {isa = PBXBuildFile; fileRef = 6F9AE71918E0B06700637A99 /* main.m */; };
		6F9AE71E18E0B06700637A99 /* AppDelegate.m in Sources */ = {isa = PBXBuildFile; fileRef = 6F9AE71D18E0B06700637A99 /* AppDelegate.m */; };
		6F9AE72118E0B06700637A99 /* Main.storyboard in Resources */ = {isa = PBXBuildFile; fileRef = 6F9AE71F18E0B06700637A99 /* Main.storyboard */; };
		6F9AE72418E0B06700637A99 /* ViewController.m in Sources */ = {isa = PBXBuildFile; fileRef = 6F9AE72318E0B06700637A99 /* ViewController.m */; };
		6F9AE72618E0B06700637A99 /* Images.xcassets in Resources */ = {isa = PBXBuildFile; fileRef = 6F9AE72518E0B06700637A99 /* Images.xcassets */; };
		6F9AE72D18E0B06700637A99 /* XCTest.framework in Frameworks */ = {isa = PBXBuildFile; fileRef = 6F9AE72C18E0B06700637A99 /* XCTest.framework */; };
		6F9AE72E18E0B06700637A99 /* Foundation.framework in Frameworks */ = {isa = PBXBuildFile; fileRef = 6F9AE70D18E0B06700637A99 /* Foundation.framework */; };
		6F9AE72F18E0B06700637A99 /* UIKit.framework in Frameworks */ = {isa = PBXBuildFile; fileRef = 6F9AE71118E0B06700637A99 /* UIKit.framework */; };
		6F9AE73718E0B06800637A99 /* InfoPlist.strings in Resources */ = {isa = PBXBuildFile; fileRef = 6F9AE73518E0B06800637A99 /* InfoPlist.strings */; };
		6F9AE73918E0B06800637A99 /* MyMeetUpTests.m in Sources */ = {isa = PBXBuildFile; fileRef = 6F9AE73818E0B06800637A99 /* MyMeetUpTests.m */; };
		6FA025C918E0C69600CF340C /* DetailViewController.m in Sources */ = {isa = PBXBuildFile; fileRef = 6FA025C818E0C69600CF340C /* DetailViewController.m */; };
		6FA025CC18E0E58000CF340C /* WebViewController.m in Sources */ = {isa = PBXBuildFile; fileRef = 6FA025CB18E0E58000CF340C /* WebViewController.m */; };
/* End PBXBuildFile section */

/* Begin PBXContainerItemProxy section */
		6F9AE73018E0B06800637A99 /* PBXContainerItemProxy */ = {
			isa = PBXContainerItemProxy;
			containerPortal = 6F9AE70218E0B06700637A99 /* Project object */;
			proxyType = 1;
			remoteGlobalIDString = 6F9AE70918E0B06700637A99;
			remoteInfo = MyMeetUp;
		};
/* End PBXContainerItemProxy section */

/* Begin PBXFileReference section */
		6F9AE70A18E0B06700637A99 /* MyMeetUp.app */ = {isa = PBXFileReference; explicitFileType = wrapper.application; includeInIndex = 0; path = MyMeetUp.app; sourceTree = BUILT_PRODUCTS_DIR; };
		6F9AE70D18E0B06700637A99 /* Foundation.framework */ = {isa = PBXFileReference; lastKnownFileType = wrapper.framework; name = Foundation.framework; path = System/Library/Frameworks/Foundation.framework; sourceTree = SDKROOT; };
		6F9AE70F18E0B06700637A99 /* CoreGraphics.framework */ = {isa = PBXFileReference; lastKnownFileType = wrapper.framework; name = CoreGraphics.framework; path = System/Library/Frameworks/CoreGraphics.framework; sourceTree = SDKROOT; };
		6F9AE71118E0B06700637A99 /* UIKit.framework */ = {isa = PBXFileReference; lastKnownFileType = wrapper.framework; name = UIKit.framework; path = System/Library/Frameworks/UIKit.framework; sourceTree = SDKROOT; };
		6F9AE71518E0B06700637A99 /* MyMeetUp-Info.plist */ = {isa = PBXFileReference; lastKnownFileType = text.plist.xml; path = "MyMeetUp-Info.plist"; sourceTree = "<group>"; };
		6F9AE71718E0B06700637A99 /* en */ = {isa = PBXFileReference; lastKnownFileType = text.plist.strings; name = en; path = en.lproj/InfoPlist.strings; sourceTree = "<group>"; };
		6F9AE71918E0B06700637A99 /* main.m */ = {isa = PBXFileReference; lastKnownFileType = sourcecode.c.objc; path = main.m; sourceTree = "<group>"; };
		6F9AE71B18E0B06700637A99 /* MyMeetUp-Prefix.pch */ = {isa = PBXFileReference; lastKnownFileType = sourcecode.c.h; path = "MyMeetUp-Prefix.pch"; sourceTree = "<group>"; };
		6F9AE71C18E0B06700637A99 /* AppDelegate.h */ = {isa = PBXFileReference; lastKnownFileType = sourcecode.c.h; path = AppDelegate.h; sourceTree = "<group>"; };
		6F9AE71D18E0B06700637A99 /* AppDelegate.m */ = {isa = PBXFileReference; lastKnownFileType = sourcecode.c.objc; path = AppDelegate.m; sourceTree = "<group>"; };
		6F9AE72018E0B06700637A99 /* Base */ = {isa = PBXFileReference; lastKnownFileType = file.storyboard; name = Base; path = Base.lproj/Main.storyboard; sourceTree = "<group>"; };
		6F9AE72218E0B06700637A99 /* ViewController.h */ = {isa = PBXFileReference; lastKnownFileType = sourcecode.c.h; path = ViewController.h; sourceTree = "<group>"; };
		6F9AE72318E0B06700637A99 /* ViewController.m */ = {isa = PBXFileReference; lastKnownFileType = sourcecode.c.objc; path = ViewController.m; sourceTree = "<group>"; };
		6F9AE72518E0B06700637A99 /* Images.xcassets */ = {isa = PBXFileReference; lastKnownFileType = folder.assetcatalog; path = Images.xcassets; sourceTree = "<group>"; };
		6F9AE72B18E0B06700637A99 /* MyMeetUpTests.xctest */ = {isa = PBXFileReference; explicitFileType = wrapper.cfbundle; includeInIndex = 0; path = MyMeetUpTests.xctest; sourceTree = BUILT_PRODUCTS_DIR; };
		6F9AE72C18E0B06700637A99 /* XCTest.framework */ = {isa = PBXFileReference; lastKnownFileType = wrapper.framework; name = XCTest.framework; path = Library/Frameworks/XCTest.framework; sourceTree = DEVELOPER_DIR; };
		6F9AE73418E0B06800637A99 /* MyMeetUpTests-Info.plist */ = {isa = PBXFileReference; lastKnownFileType = text.plist.xml; path = "MyMeetUpTests-Info.plist"; sourceTree = "<group>"; };
		6F9AE73618E0B06800637A99 /* en */ = {isa = PBXFileReference; lastKnownFileType = text.plist.strings; name = en; path = en.lproj/InfoPlist.strings; sourceTree = "<group>"; };
		6F9AE73818E0B06800637A99 /* MyMeetUpTests.m */ = {isa = PBXFileReference; lastKnownFileType = sourcecode.c.objc; path = MyMeetUpTests.m; sourceTree = "<group>"; };
		6FA025C718E0C69600CF340C /* DetailViewController.h */ = {isa = PBXFileReference; fileEncoding = 4; lastKnownFileType = sourcecode.c.h; path = DetailViewController.h; sourceTree = "<group>"; };
		6FA025C818E0C69600CF340C /* DetailViewController.m */ = {isa = PBXFileReference; fileEncoding = 4; lastKnownFileType = sourcecode.c.objc; path = DetailViewController.m; sourceTree = "<group>"; };
		6FA025CA18E0E58000CF340C /* WebViewController.h */ = {isa = PBXFileReference; fileEncoding = 4; lastKnownFileType = sourcecode.c.h; path = WebViewController.h; sourceTree = "<group>"; };
		6FA025CB18E0E58000CF340C /* WebViewController.m */ = {isa = PBXFileReference; fileEncoding = 4; lastKnownFileType = sourcecode.c.objc; path = WebViewController.m; sourceTree = "<group>"; };
/* End PBXFileReference section */

/* Begin PBXFrameworksBuildPhase section */
		6F9AE70718E0B06700637A99 /* Frameworks */ = {
			isa = PBXFrameworksBuildPhase;
			buildActionMask = 2147483647;
			files = (
				6F9AE71018E0B06700637A99 /* CoreGraphics.framework in Frameworks */,
				6F9AE71218E0B06700637A99 /* UIKit.framework in Frameworks */,
				6F9AE70E18E0B06700637A99 /* Foundation.framework in Frameworks */,
			);
			runOnlyForDeploymentPostprocessing = 0;
		};
		6F9AE72818E0B06700637A99 /* Frameworks */ = {
			isa = PBXFrameworksBuildPhase;
			buildActionMask = 2147483647;
			files = (
				6F9AE72D18E0B06700637A99 /* XCTest.framework in Frameworks */,
				6F9AE72F18E0B06700637A99 /* UIKit.framework in Frameworks */,
				6F9AE72E18E0B06700637A99 /* Foundation.framework in Frameworks */,
			);
			runOnlyForDeploymentPostprocessing = 0;
		};
/* End PBXFrameworksBuildPhase section */

/* Begin PBXGroup section */
		6F9AE70118E0B06700637A99 = {
			isa = PBXGroup;
			children = (
				6F9AE71318E0B06700637A99 /* MyMeetUp */,
				6F9AE73218E0B06800637A99 /* MyMeetUpTests */,
				6F9AE70C18E0B06700637A99 /* Frameworks */,
				6F9AE70B18E0B06700637A99 /* Products */,
			);
			sourceTree = "<group>";
		};
		6F9AE70B18E0B06700637A99 /* Products */ = {
			isa = PBXGroup;
			children = (
				6F9AE70A18E0B06700637A99 /* MyMeetUp.app */,
				6F9AE72B18E0B06700637A99 /* MyMeetUpTests.xctest */,
			);
			name = Products;
			sourceTree = "<group>";
		};
		6F9AE70C18E0B06700637A99 /* Frameworks */ = {
			isa = PBXGroup;
			children = (
				6F9AE70D18E0B06700637A99 /* Foundation.framework */,
				6F9AE70F18E0B06700637A99 /* CoreGraphics.framework */,
				6F9AE71118E0B06700637A99 /* UIKit.framework */,
				6F9AE72C18E0B06700637A99 /* XCTest.framework */,
			);
			name = Frameworks;
			sourceTree = "<group>";
		};
		6F9AE71318E0B06700637A99 /* MyMeetUp */ = {
			isa = PBXGroup;
			children = (
				6F9AE71C18E0B06700637A99 /* AppDelegate.h */,
				6F9AE71D18E0B06700637A99 /* AppDelegate.m */,
				6F9AE71F18E0B06700637A99 /* Main.storyboard */,
				6FA025C718E0C69600CF340C /* DetailViewController.h */,
				6FA025C818E0C69600CF340C /* DetailViewController.m */,
				6FA025CA18E0E58000CF340C /* WebViewController.h */,
				6FA025CB18E0E58000CF340C /* WebViewController.m */,
				6F9AE72218E0B06700637A99 /* ViewController.h */,
				6F9AE72318E0B06700637A99 /* ViewController.m */,
				6F9AE72518E0B06700637A99 /* Images.xcassets */,
				6F9AE71418E0B06700637A99 /* Supporting Files */,
			);
			path = MyMeetUp;
			sourceTree = "<group>";
		};
		6F9AE71418E0B06700637A99 /* Supporting Files */ = {
			isa = PBXGroup;
			children = (
				6F9AE71518E0B06700637A99 /* MyMeetUp-Info.plist */,
				6F9AE71618E0B06700637A99 /* InfoPlist.strings */,
				6F9AE71918E0B06700637A99 /* main.m */,
				6F9AE71B18E0B06700637A99 /* MyMeetUp-Prefix.pch */,
			);
			name = "Supporting Files";
			sourceTree = "<group>";
		};
		6F9AE73218E0B06800637A99 /* MyMeetUpTests */ = {
			isa = PBXGroup;
			children = (
				6F9AE73818E0B06800637A99 /* MyMeetUpTests.m */,
				6F9AE73318E0B06800637A99 /* Supporting Files */,
			);
			path = MyMeetUpTests;
			sourceTree = "<group>";
		};
		6F9AE73318E0B06800637A99 /* Supporting Files */ = {
			isa = PBXGroup;
			children = (
				6F9AE73418E0B06800637A99 /* MyMeetUpTests-Info.plist */,
				6F9AE73518E0B06800637A99 /* InfoPlist.strings */,
			);
			name = "Supporting Files";
			sourceTree = "<group>";
		};
/* End PBXGroup section */

/* Begin PBXNativeTarget section */
		6F9AE70918E0B06700637A99 /* MyMeetUp */ = {
			isa = PBXNativeTarget;
			buildConfigurationList = 6F9AE73C18E0B06800637A99 /* Build configuration list for PBXNativeTarget "MyMeetUp" */;
			buildPhases = (
				6F9AE70618E0B06700637A99 /* Sources */,
				6F9AE70718E0B06700637A99 /* Frameworks */,
				6F9AE70818E0B06700637A99 /* Resources */,
			);
			buildRules = (
			);
			dependencies = (
			);
			name = MyMeetUp;
			productName = MyMeetUp;
			productReference = 6F9AE70A18E0B06700637A99 /* MyMeetUp.app */;
			productType = "com.apple.product-type.application";
		};
		6F9AE72A18E0B06700637A99 /* MyMeetUpTests */ = {
			isa = PBXNativeTarget;
			buildConfigurationList = 6F9AE73F18E0B06800637A99 /* Build configuration list for PBXNativeTarget "MyMeetUpTests" */;
			buildPhases = (
				6F9AE72718E0B06700637A99 /* Sources */,
				6F9AE72818E0B06700637A99 /* Frameworks */,
				6F9AE72918E0B06700637A99 /* Resources */,
			);
			buildRules = (
			);
			dependencies = (
				6F9AE73118E0B06800637A99 /* PBXTargetDependency */,
			);
			name = MyMeetUpTests;
			productName = MyMeetUpTests;
			productReference = 6F9AE72B18E0B06700637A99 /* MyMeetUpTests.xctest */;
			productType = "com.apple.product-type.bundle.unit-test";
		};
/* End PBXNativeTarget section */

/* Begin PBXProject section */
		6F9AE70218E0B06700637A99 /* Project object */ = {
			isa = PBXProject;
			attributes = {
				LastUpgradeCheck = 0510;
				ORGANIZATIONNAME = "Jaime Hernandez";
				TargetAttributes = {
					6F9AE72A18E0B06700637A99 = {
						TestTargetID = 6F9AE70918E0B06700637A99;
					};
				};
			};
			buildConfigurationList = 6F9AE70518E0B06700637A99 /* Build configuration list for PBXProject "MyMeetUp" */;
			compatibilityVersion = "Xcode 3.2";
			developmentRegion = English;
			hasScannedForEncodings = 0;
			knownRegions = (
				en,
				Base,
			);
			mainGroup = 6F9AE70118E0B06700637A99;
			productRefGroup = 6F9AE70B18E0B06700637A99 /* Products */;
			projectDirPath = "";
			projectRoot = "";
			targets = (
				6F9AE70918E0B06700637A99 /* MyMeetUp */,
				6F9AE72A18E0B06700637A99 /* MyMeetUpTests */,
			);
		};
/* End PBXProject section */

/* Begin PBXResourcesBuildPhase section */
		6F9AE70818E0B06700637A99 /* Resources */ = {
			isa = PBXResourcesBuildPhase;
			buildActionMask = 2147483647;
			files = (
				6F9AE72618E0B06700637A99 /* Images.xcassets in Resources */,
				6F9AE71818E0B06700637A99 /* InfoPlist.strings in Resources */,
				6F9AE72118E0B06700637A99 /* Main.storyboard in Resources */,
			);
			runOnlyForDeploymentPostprocessing = 0;
		};
		6F9AE72918E0B06700637A99 /* Resources */ = {
			isa = PBXResourcesBuildPhase;
			buildActionMask = 2147483647;
			files = (
				6F9AE73718E0B06800637A99 /* InfoPlist.strings in Resources */,
			);
			runOnlyForDeploymentPostprocessing = 0;
		};
/* End PBXResourcesBuildPhase section */

/* Begin PBXSourcesBuildPhase section */
		6F9AE70618E0B06700637A99 /* Sources */ = {
			isa = PBXSourcesBuildPhase;
			buildActionMask = 2147483647;
			files = (
				6F9AE72418E0B06700637A99 /* ViewController.m in Sources */,
				6FA025CC18E0E58000CF340C /* WebViewController.m in Sources */,
				6F9AE71E18E0B06700637A99 /* AppDelegate.m in Sources */,
				6F9AE71A18E0B06700637A99 /* main.m in Sources */,
				6FA025C918E0C69600CF340C /* DetailViewController.m in Sources */,
			);
			runOnlyForDeploymentPostprocessing = 0;
		};
		6F9AE72718E0B06700637A99 /* Sources */ = {
			isa = PBXSourcesBuildPhase;
			buildActionMask = 2147483647;
			files = (
				6F9AE73918E0B06800637A99 /* MyMeetUpTests.m in Sources */,
			);
			runOnlyForDeploymentPostprocessing = 0;
		};
/* End PBXSourcesBuildPhase section */

/* Begin PBXTargetDependency section */
		6F9AE73118E0B06800637A99 /* PBXTargetDependency */ = {
			isa = PBXTargetDependency;
			target = 6F9AE70918E0B06700637A99 /* MyMeetUp */;
			targetProxy = 6F9AE73018E0B06800637A99 /* PBXContainerItemProxy */;
		};
/* End PBXTargetDependency section */

/* Begin PBXVariantGroup section */
		6F9AE71618E0B06700637A99 /* InfoPlist.strings */ = {
			isa = PBXVariantGroup;
			children = (
				6F9AE71718E0B06700637A99 /* en */,
			);
			name = InfoPlist.strings;
			sourceTree = "<group>";
		};
		6F9AE71F18E0B06700637A99 /* Main.storyboard */ = {
			isa = PBXVariantGroup;
			children = (
				6F9AE72018E0B06700637A99 /* Base */,
			);
			name = Main.storyboard;
			sourceTree = "<group>";
		};
		6F9AE73518E0B06800637A99 /* InfoPlist.strings */ = {
			isa = PBXVariantGroup;
			children = (
				6F9AE73618E0B06800637A99 /* en */,
			);
			name = InfoPlist.strings;
			sourceTree = "<group>";
		};
/* End PBXVariantGroup section */

/* Begin XCBuildConfiguration section */
		6F9AE73A18E0B06800637A99 /* Debug */ = {
			isa = XCBuildConfiguration;
			buildSettings = {
				ALWAYS_SEARCH_USER_PATHS = NO;
				CLANG_CXX_LANGUAGE_STANDARD = "gnu++0x";
				CLANG_CXX_LIBRARY = "libc++";
				CLANG_ENABLE_MODULES = YES;
				CLANG_ENABLE_OBJC_ARC = YES;
				CLANG_WARN_BOOL_CONVERSION = YES;
				CLANG_WARN_CONSTANT_CONVERSION = YES;
				CLANG_WARN_DIRECT_OBJC_ISA_USAGE = YES_ERROR;
				CLANG_WARN_EMPTY_BODY = YES;
				CLANG_WARN_ENUM_CONVERSION = YES;
				CLANG_WARN_INT_CONVERSION = YES;
				CLANG_WARN_OBJC_ROOT_CLASS = YES_ERROR;
				CLANG_WARN__DUPLICATE_METHOD_MATCH = YES;
				"CODE_SIGN_IDENTITY[sdk=iphoneos*]" = "iPhone Developer";
				COPY_PHASE_STRIP = NO;
				GCC_C_LANGUAGE_STANDARD = gnu99;
				GCC_DYNAMIC_NO_PIC = NO;
				GCC_OPTIMIZATION_LEVEL = 0;
				GCC_PREPROCESSOR_DEFINITIONS = (
					"DEBUG=1",
					"$(inherited)",
				);
				GCC_SYMBOLS_PRIVATE_EXTERN = NO;
				GCC_WARN_64_TO_32_BIT_CONVERSION = YES;
				GCC_WARN_ABOUT_RETURN_TYPE = YES_ERROR;
				GCC_WARN_UNDECLARED_SELECTOR = YES;
				GCC_WARN_UNINITIALIZED_AUTOS = YES_AGGRESSIVE;
				GCC_WARN_UNUSED_FUNCTION = YES;
				GCC_WARN_UNUSED_VARIABLE = YES;
				IPHONEOS_DEPLOYMENT_TARGET = 7.1;
				ONLY_ACTIVE_ARCH = YES;
				SDKROOT = iphoneos;
			};
			name = Debug;
		};
		6F9AE73B18E0B06800637A99 /* Release */ = {
			isa = XCBuildConfiguration;
			buildSettings = {
				ALWAYS_SEARCH_USER_PATHS = NO;
				CLANG_CXX_LANGUAGE_STANDARD = "gnu++0x";
				CLANG_CXX_LIBRARY = "libc++";
				CLANG_ENABLE_MODULES = YES;
				CLANG_ENABLE_OBJC_ARC = YES;
				CLANG_WARN_BOOL_CONVERSION = YES;
				CLANG_WARN_CONSTANT_CONVERSION = YES;
				CLANG_WARN_DIRECT_OBJC_ISA_USAGE = YES_ERROR;
				CLANG_WARN_EMPTY_BODY = YES;
				CLANG_WARN_ENUM_CONVERSION = YES;
				CLANG_WARN_INT_CONVERSION = YES;
				CLANG_WARN_OBJC_ROOT_CLASS = YES_ERROR;
				CLANG_WARN__DUPLICATE_METHOD_MATCH = YES;
				"CODE_SIGN_IDENTITY[sdk=iphoneos*]" = "iPhone Developer";
				COPY_PHASE_STRIP = YES;
				ENABLE_NS_ASSERTIONS = NO;
				GCC_C_LANGUAGE_STANDARD = gnu99;
				GCC_WARN_64_TO_32_BIT_CONVERSION = YES;
				GCC_WARN_ABOUT_RETURN_TYPE = YES_ERROR;
				GCC_WARN_UNDECLARED_SELECTOR = YES;
				GCC_WARN_UNINITIALIZED_AUTOS = YES_AGGRESSIVE;
				GCC_WARN_UNUSED_FUNCTION = YES;
				GCC_WARN_UNUSED_VARIABLE = YES;
				IPHONEOS_DEPLOYMENT_TARGET = 7.1;
				SDKROOT = iphoneos;
				VALIDATE_PRODUCT = YES;
			};
			name = Release;
		};
		6F9AE73D18E0B06800637A99 /* Debug */ = {
			isa = XCBuildConfiguration;
			buildSettings = {
				ASSETCATALOG_COMPILER_APPICON_NAME = AppIcon;
				ASSETCATALOG_COMPILER_LAUNCHIMAGE_NAME = LaunchImage;
				GCC_PRECOMPILE_PREFIX_HEADER = YES;
				GCC_PREFIX_HEADER = "MyMeetUp/MyMeetUp-Prefix.pch";
				INFOPLIST_FILE = "MyMeetUp/MyMeetUp-Info.plist";
				PRODUCT_NAME = "$(TARGET_NAME)";
				WRAPPER_EXTENSION = app;
			};
			name = Debug;
		};
		6F9AE73E18E0B06800637A99 /* Release */ = {
			isa = XCBuildConfiguration;
			buildSettings = {
				ASSETCATALOG_COMPILER_APPICON_NAME = AppIcon;
				ASSETCATALOG_COMPILER_LAUNCHIMAGE_NAME = LaunchImage;
				GCC_PRECOMPILE_PREFIX_HEADER = YES;
				GCC_PREFIX_HEADER = "MyMeetUp/MyMeetUp-Prefix.pch";
				INFOPLIST_FILE = "MyMeetUp/MyMeetUp-Info.plist";
				PRODUCT_NAME = "$(TARGET_NAME)";
				WRAPPER_EXTENSION = app;
			};
			name = Release;
		};
		6F9AE74018E0B06800637A99 /* Debug */ = {
			isa = XCBuildConfiguration;
			buildSettings = {
				BUNDLE_LOADER = "$(BUILT_PRODUCTS_DIR)/MyMeetUp.app/MyMeetUp";
				FRAMEWORK_SEARCH_PATHS = (
					"$(SDKROOT)/Developer/Library/Frameworks",
					"$(inherited)",
					"$(DEVELOPER_FRAMEWORKS_DIR)",
				);
				GCC_PRECOMPILE_PREFIX_HEADER = YES;
				GCC_PREFIX_HEADER = "MyMeetUp/MyMeetUp-Prefix.pch";
				GCC_PREPROCESSOR_DEFINITIONS = (
					"DEBUG=1",
					"$(inherited)",
				);
				INFOPLIST_FILE = "MyMeetUpTests/MyMeetUpTests-Info.plist";
				PRODUCT_NAME = "$(TARGET_NAME)";
				TEST_HOST = "$(BUNDLE_LOADER)";
				WRAPPER_EXTENSION = xctest;
			};
			name = Debug;
		};
		6F9AE74118E0B06800637A99 /* Release */ = {
			isa = XCBuildConfiguration;
			buildSettings = {
				BUNDLE_LOADER = "$(BUILT_PRODUCTS_DIR)/MyMeetUp.app/MyMeetUp";
				FRAMEWORK_SEARCH_PATHS = (
					"$(SDKROOT)/Developer/Library/Frameworks",
					"$(inherited)",
					"$(DEVELOPER_FRAMEWORKS_DIR)",
				);
				GCC_PRECOMPILE_PREFIX_HEADER = YES;
				GCC_PREFIX_HEADER = "MyMeetUp/MyMeetUp-Prefix.pch";
				INFOPLIST_FILE = "MyMeetUpTests/MyMeetUpTests-Info.plist";
				PRODUCT_NAME = "$(TARGET_NAME)";
				TEST_HOST = "$(BUNDLE_LOADER)";
				WRAPPER_EXTENSION = xctest;
			};
			name = Release;
		};
/* End XCBuildConfiguration section */

/* Begin XCConfigurationList section */
		6F9AE70518E0B06700637A99 /* Build configuration list for PBXProject "MyMeetUp" */ = {
			isa = XCConfigurationList;
			buildConfigurations = (
				6F9AE73A18E0B06800637A99 /* Debug */,
				6F9AE73B18E0B06800637A99 /* Release */,
			);
			defaultConfigurationIsVisible = 0;
			defaultConfigurationName = Release;
		};
		6F9AE73C18E0B06800637A99 /* Build configuration list for PBXNativeTarget "MyMeetUp" */ = {
			isa = XCConfigurationList;
			buildConfigurations = (
				6F9AE73D18E0B06800637A99 /* Debug */,
				6F9AE73E18E0B06800637A99 /* Release */,
			);
			defaultConfigurationIsVisible = 0;
			defaultConfigurationName = Release;
		};
		6F9AE73F18E0B06800637A99 /* Build configuration list for PBXNativeTarget "MyMeetUpTests" */ = {
			isa = XCConfigurationList;
			buildConfigurations = (
				6F9AE74018E0B06800637A99 /* Debug */,
				6F9AE74118E0B06800637A99 /* Release */,
			);
			defaultConfigurationIsVisible = 0;
			defaultConfigurationName = Release;
		};
/* End XCConfigurationList section */
	};
	rootObject = 6F9AE70218E0B06700637A99 /* Project object */;
}
